{
  "meteor": {},
  "dependencies": {
    "basePackages": {
      "kadira": {},
      "easycron": {}
    },
    "packages": {
      "kadira": {
        "git": "https://github.com/meteorhacks/kadira.git",
        "tag": "v2.4.4",
        "commit": "6073fa5bdfb36478165977804f922796b6fc82de"
      },
      "easycron": {
        "git": "https://github.com/chfritz/meteor-easycron.git",
        "tag": "v0.0.2",
        "commit": "771b91946943ed6dd5e78eaf892715a540d977f2"
      }
    }
  }
}
